
Microsoft Visual Studio Solution File, Format Version 12.00
# Visual Studio 14
VisualStudioVersion = 14.0.23107.0
MinimumVisualStudioVersion = 10.0.40219.1
Project("{8BC9CEB8-8B4A-11D0-8D11-00A0C91BC942}") = "0_Hello_World", "0_Hello_World\0_Hello_World.vcxproj", "{1A5E72F5-5B97-45B6-80E6-EE827EF5E1DA}"
EndProject
Project("{8BC9CEB8-8B4A-11D0-8D11-00A0C91BC942}") = "1_Empty_Kernel", "1_Empty_Kernel\1_Empty_Kernel.vcxproj", "{39F53A19-88D4-4476-9621-E9164F092D91}"
EndProject
Project("{8BC9CEB8-8B4A-11D0-8D11-00A0C91BC942}") = "2_Vector_Kernel", "2_Vector_Kernel\2_Vector_Kernel.vcxproj", "{36603F68-FE40-4465-AFD6-A0A25F424F6C}"
EndProject
Project("{8BC9CEB8-8B4A-11D0-8D11-00A0C91BC942}") = "3_Memory", "3_Memory\3_Memory.vcxproj", "{361E34D2-E68D-4A49-9979-8397AF2AADA5}"
EndProject
Project("{8BC9CEB8-8B4A-11D0-8D11-00A0C91BC942}") = "4_Multidimension", "4_Multidimension\4_Multidimension.vcxproj", "{44F46187-0F0E-4B5B-8D6A-9AC7D4BBEF9D}"
EndProject
Project("{8BC9CEB8-8B4A-11D0-8D11-00A0C91BC942}") = "5_Vector_Types", "5_Vector_Types\5_Vector_Types.vcxproj", "{8A073FE2-9107-4410-8C93-5AE60A0A3EF9}"
EndProject
Project("{8BC9CEB8-8B4A-11D0-8D11-00A0C91BC942}") = "lab3_1", "lab3_1\lab3_1.vcxproj", "{615A0164-CD0E-49AB-82AA-8B945435F308}"
EndProject
Project("{8BC9CEB8-8B4A-11D0-8D11-00A0C91BC942}") = "test_lab3_1", "test_lab3_1\test_lab3_1.vcxproj", "{11784F75-DCA7-4FCB-8490-DF80A4D76B0B}"
EndProject
Global
	GlobalSection(SolutionConfigurationPlatforms) = preSolution
		AMD Debug|Any CPU = AMD Debug|Any CPU
		AMD Debug|x64 = AMD Debug|x64
		AMD Debug|x86 = AMD Debug|x86
		AMD Release|Any CPU = AMD Release|Any CPU
		AMD Release|x64 = AMD Release|x64
		AMD Release|x86 = AMD Release|x86
		Debug|Any CPU = Debug|Any CPU
		Debug|x64 = Debug|x64
		Debug|x86 = Debug|x86
		Intel Debug|Any CPU = Intel Debug|Any CPU
		Intel Debug|x64 = Intel Debug|x64
		Intel Debug|x86 = Intel Debug|x86
		Intel Release|Any CPU = Intel Release|Any CPU
		Intel Release|x64 = Intel Release|x64
		Intel Release|x86 = Intel Release|x86
		NVIDIA Debug|Any CPU = NVIDIA Debug|Any CPU
		NVIDIA Debug|x64 = NVIDIA Debug|x64
		NVIDIA Debug|x86 = NVIDIA Debug|x86
		NVIDIA Release|Any CPU = NVIDIA Release|Any CPU
		NVIDIA Release|x64 = NVIDIA Release|x64
		NVIDIA Release|x86 = NVIDIA Release|x86
		Release|Any CPU = Release|Any CPU
		Release|x64 = Release|x64
		Release|x86 = Release|x86
	EndGlobalSection
	GlobalSection(ProjectConfigurationPlatforms) = postSolution
		{1A5E72F5-5B97-45B6-80E6-EE827EF5E1DA}.AMD Debug|Any CPU.ActiveCfg = AMD Debug|Win32
		{1A5E72F5-5B97-45B6-80E6-EE827EF5E1DA}.AMD Debug|Any CPU.Build.0 = AMD Debug|Win32
		{1A5E72F5-5B97-45B6-80E6-EE827EF5E1DA}.AMD Debug|x64.ActiveCfg = AMD Debug|x64
		{1A5E72F5-5B97-45B6-80E6-EE827EF5E1DA}.AMD Debug|x64.Build.0 = AMD Debug|x64
		{1A5E72F5-5B97-45B6-80E6-EE827EF5E1DA}.AMD Debug|x86.ActiveCfg = AMD Debug|Win32
		{1A5E72F5-5B97-45B6-80E6-EE827EF5E1DA}.AMD Debug|x86.Build.0 = AMD Debug|Win32
		{1A5E72F5-5B97-45B6-80E6-EE827EF5E1DA}.AMD Release|Any CPU.ActiveCfg = AMD Release|Win32
		{1A5E72F5-5B97-45B6-80E6-EE827EF5E1DA}.AMD Release|Any CPU.Build.0 = AMD Release|Win32
		{1A5E72F5-5B97-45B6-80E6-EE827EF5E1DA}.AMD Release|x64.ActiveCfg = AMD Release|x64
		{1A5E72F5-5B97-45B6-80E6-EE827EF5E1DA}.AMD Release|x64.Build.0 = AMD Release|x64
		{1A5E72F5-5B97-45B6-80E6-EE827EF5E1DA}.AMD Release|x86.ActiveCfg = AMD Release|Win32
		{1A5E72F5-5B97-45B6-80E6-EE827EF5E1DA}.AMD Release|x86.Build.0 = AMD Release|Win32
		{1A5E72F5-5B97-45B6-80E6-EE827EF5E1DA}.Debug|Any CPU.ActiveCfg = Debug|Win32
		{1A5E72F5-5B97-45B6-80E6-EE827EF5E1DA}.Debug|x64.ActiveCfg = Debug|x64
		{1A5E72F5-5B97-45B6-80E6-EE827EF5E1DA}.Debug|x64.Build.0 = Debug|x64
		{1A5E72F5-5B97-45B6-80E6-EE827EF5E1DA}.Debug|x86.ActiveCfg = Debug|Win32
		{1A5E72F5-5B97-45B6-80E6-EE827EF5E1DA}.Debug|x86.Build.0 = Debug|Win32
		{1A5E72F5-5B97-45B6-80E6-EE827EF5E1DA}.Intel Debug|Any CPU.ActiveCfg = Intel Debug|Win32
		{1A5E72F5-5B97-45B6-80E6-EE827EF5E1DA}.Intel Debug|Any CPU.Build.0 = Intel Debug|Win32
		{1A5E72F5-5B97-45B6-80E6-EE827EF5E1DA}.Intel Debug|x64.ActiveCfg = Intel Debug|x64
		{1A5E72F5-5B97-45B6-80E6-EE827EF5E1DA}.Intel Debug|x64.Build.0 = Intel Debug|x64
		{1A5E72F5-5B97-45B6-80E6-EE827EF5E1DA}.Intel Debug|x86.ActiveCfg = Intel Debug|Win32
		{1A5E72F5-5B97-45B6-80E6-EE827EF5E1DA}.Intel Debug|x86.Build.0 = Intel Debug|Win32
		{1A5E72F5-5B97-45B6-80E6-EE827EF5E1DA}.Intel Release|Any CPU.ActiveCfg = Intel Release|Win32
		{1A5E72F5-5B97-45B6-80E6-EE827EF5E1DA}.Intel Release|Any CPU.Build.0 = Intel Release|Win32
		{1A5E72F5-5B97-45B6-80E6-EE827EF5E1DA}.Intel Release|x64.ActiveCfg = Intel Release|x64
		{1A5E72F5-5B97-45B6-80E6-EE827EF5E1DA}.Intel Release|x64.Build.0 = Intel Release|x64
		{1A5E72F5-5B97-45B6-80E6-EE827EF5E1DA}.Intel Release|x86.ActiveCfg = Intel Release|Win32
		{1A5E72F5-5B97-45B6-80E6-EE827EF5E1DA}.Intel Release|x86.Build.0 = Intel Release|Win32
		{1A5E72F5-5B97-45B6-80E6-EE827EF5E1DA}.NVIDIA Debug|Any CPU.ActiveCfg = NVIDIA Debug|Win32
		{1A5E72F5-5B97-45B6-80E6-EE827EF5E1DA}.NVIDIA Debug|Any CPU.Build.0 = NVIDIA Debug|Win32
		{1A5E72F5-5B97-45B6-80E6-EE827EF5E1DA}.NVIDIA Debug|x64.ActiveCfg = NVIDIA Debug|x64
		{1A5E72F5-5B97-45B6-80E6-EE827EF5E1DA}.NVIDIA Debug|x64.Build.0 = NVIDIA Debug|x64
		{1A5E72F5-5B97-45B6-80E6-EE827EF5E1DA}.NVIDIA Debug|x86.ActiveCfg = NVIDIA Debug|Win32
		{1A5E72F5-5B97-45B6-80E6-EE827EF5E1DA}.NVIDIA Debug|x86.Build.0 = NVIDIA Debug|Win32
		{1A5E72F5-5B97-45B6-80E6-EE827EF5E1DA}.NVIDIA Release|Any CPU.ActiveCfg = NVIDIA Release|Win32
		{1A5E72F5-5B97-45B6-80E6-EE827EF5E1DA}.NVIDIA Release|Any CPU.Build.0 = NVIDIA Release|Win32
		{1A5E72F5-5B97-45B6-80E6-EE827EF5E1DA}.NVIDIA Release|x64.ActiveCfg = NVIDIA Release|x64
		{1A5E72F5-5B97-45B6-80E6-EE827EF5E1DA}.NVIDIA Release|x64.Build.0 = NVIDIA Release|x64
		{1A5E72F5-5B97-45B6-80E6-EE827EF5E1DA}.NVIDIA Release|x86.ActiveCfg = NVIDIA Release|Win32
		{1A5E72F5-5B97-45B6-80E6-EE827EF5E1DA}.NVIDIA Release|x86.Build.0 = NVIDIA Release|Win32
		{1A5E72F5-5B97-45B6-80E6-EE827EF5E1DA}.Release|Any CPU.ActiveCfg = Release|Win32
		{1A5E72F5-5B97-45B6-80E6-EE827EF5E1DA}.Release|x64.ActiveCfg = Release|x64
		{1A5E72F5-5B97-45B6-80E6-EE827EF5E1DA}.Release|x64.Build.0 = Release|x64
		{1A5E72F5-5B97-45B6-80E6-EE827EF5E1DA}.Release|x86.ActiveCfg = Release|Win32
		{1A5E72F5-5B97-45B6-80E6-EE827EF5E1DA}.Release|x86.Build.0 = Release|Win32
		{39F53A19-88D4-4476-9621-E9164F092D91}.AMD Debug|Any CPU.ActiveCfg = AMD Debug|Win32
		{39F53A19-88D4-4476-9621-E9164F092D91}.AMD Debug|Any CPU.Build.0 = AMD Debug|Win32
		{39F53A19-88D4-4476-9621-E9164F092D91}.AMD Debug|x64.ActiveCfg = AMD Debug|x64
		{39F53A19-88D4-4476-9621-E9164F092D91}.AMD Debug|x64.Build.0 = AMD Debug|x64
		{39F53A19-88D4-4476-9621-E9164F092D91}.AMD Debug|x86.ActiveCfg = AMD Debug|Win32
		{39F53A19-88D4-4476-9621-E9164F092D91}.AMD Debug|x86.Build.0 = AMD Debug|Win32
		{39F53A19-88D4-4476-9621-E9164F092D91}.AMD Release|Any CPU.ActiveCfg = AMD Release|Win32
		{39F53A19-88D4-4476-9621-E9164F092D91}.AMD Release|Any CPU.Build.0 = AMD Release|Win32
		{39F53A19-88D4-4476-9621-E9164F092D91}.AMD Release|x64.ActiveCfg = AMD Release|x64
		{39F53A19-88D4-4476-9621-E9164F092D91}.AMD Release|x64.Build.0 = AMD Release|x64
		{39F53A19-88D4-4476-9621-E9164F092D91}.AMD Release|x86.ActiveCfg = AMD Release|Win32
		{39F53A19-88D4-4476-9621-E9164F092D91}.AMD Release|x86.Build.0 = AMD Release|Win32
		{39F53A19-88D4-4476-9621-E9164F092D91}.Debug|Any CPU.ActiveCfg = Debug|Win32
		{39F53A19-88D4-4476-9621-E9164F092D91}.Debug|x64.ActiveCfg = Debug|x64
		{39F53A19-88D4-4476-9621-E9164F092D91}.Debug|x64.Build.0 = Debug|x64
		{39F53A19-88D4-4476-9621-E9164F092D91}.Debug|x86.ActiveCfg = Debug|Win32
		{39F53A19-88D4-4476-9621-E9164F092D91}.Debug|x86.Build.0 = Debug|Win32
		{39F53A19-88D4-4476-9621-E9164F092D91}.Intel Debug|Any CPU.ActiveCfg = Intel Debug|Win32
		{39F53A19-88D4-4476-9621-E9164F092D91}.Intel Debug|Any CPU.Build.0 = Intel Debug|Win32
		{39F53A19-88D4-4476-9621-E9164F092D91}.Intel Debug|x64.ActiveCfg = Intel Debug|x64
		{39F53A19-88D4-4476-9621-E9164F092D91}.Intel Debug|x64.Build.0 = Intel Debug|x64
		{39F53A19-88D4-4476-9621-E9164F092D91}.Intel Debug|x86.ActiveCfg = Intel Debug|Win32
		{39F53A19-88D4-4476-9621-E9164F092D91}.Intel Debug|x86.Build.0 = Intel Debug|Win32
		{39F53A19-88D4-4476-9621-E9164F092D91}.Intel Release|Any CPU.ActiveCfg = Intel Release|Win32
		{39F53A19-88D4-4476-9621-E9164F092D91}.Intel Release|Any CPU.Build.0 = Intel Release|Win32
		{39F53A19-88D4-4476-9621-E9164F092D91}.Intel Release|x64.ActiveCfg = Intel Release|x64
		{39F53A19-88D4-4476-9621-E9164F092D91}.Intel Release|x64.Build.0 = Intel Release|x64
		{39F53A19-88D4-4476-9621-E9164F092D91}.Intel Release|x86.ActiveCfg = Intel Release|Win32
		{39F53A19-88D4-4476-9621-E9164F092D91}.Intel Release|x86.Build.0 = Intel Release|Win32
		{39F53A19-88D4-4476-9621-E9164F092D91}.NVIDIA Debug|Any CPU.ActiveCfg = NVIDIA Debug|Win32
		{39F53A19-88D4-4476-9621-E9164F092D91}.NVIDIA Debug|Any CPU.Build.0 = NVIDIA Debug|Win32
		{39F53A19-88D4-4476-9621-E9164F092D91}.NVIDIA Debug|x64.ActiveCfg = NVIDIA Debug|x64
		{39F53A19-88D4-4476-9621-E9164F092D91}.NVIDIA Debug|x64.Build.0 = NVIDIA Debug|x64
		{39F53A19-88D4-4476-9621-E9164F092D91}.NVIDIA Debug|x86.ActiveCfg = NVIDIA Debug|Win32
		{39F53A19-88D4-4476-9621-E9164F092D91}.NVIDIA Debug|x86.Build.0 = NVIDIA Debug|Win32
		{39F53A19-88D4-4476-9621-E9164F092D91}.NVIDIA Release|Any CPU.ActiveCfg = NVIDIA Release|Win32
		{39F53A19-88D4-4476-9621-E9164F092D91}.NVIDIA Release|Any CPU.Build.0 = NVIDIA Release|Win32
		{39F53A19-88D4-4476-9621-E9164F092D91}.NVIDIA Release|x64.ActiveCfg = NVIDIA Release|x64
		{39F53A19-88D4-4476-9621-E9164F092D91}.NVIDIA Release|x64.Build.0 = NVIDIA Release|x64
		{39F53A19-88D4-4476-9621-E9164F092D91}.NVIDIA Release|x86.ActiveCfg = NVIDIA Release|Win32
		{39F53A19-88D4-4476-9621-E9164F092D91}.NVIDIA Release|x86.Build.0 = NVIDIA Release|Win32
		{39F53A19-88D4-4476-9621-E9164F092D91}.Release|Any CPU.ActiveCfg = Release|Win32
		{39F53A19-88D4-4476-9621-E9164F092D91}.Release|x64.ActiveCfg = Release|x64
		{39F53A19-88D4-4476-9621-E9164F092D91}.Release|x64.Build.0 = Release|x64
		{39F53A19-88D4-4476-9621-E9164F092D91}.Release|x86.ActiveCfg = Release|Win32
		{39F53A19-88D4-4476-9621-E9164F092D91}.Release|x86.Build.0 = Release|Win32
		{36603F68-FE40-4465-AFD6-A0A25F424F6C}.AMD Debug|Any CPU.ActiveCfg = AMD Debug|Win32
		{36603F68-FE40-4465-AFD6-A0A25F424F6C}.AMD Debug|Any CPU.Build.0 = AMD Debug|Win32
		{36603F68-FE40-4465-AFD6-A0A25F424F6C}.AMD Debug|x64.ActiveCfg = AMD Debug|x64
		{36603F68-FE40-4465-AFD6-A0A25F424F6C}.AMD Debug|x64.Build.0 = AMD Debug|x64
		{36603F68-FE40-4465-AFD6-A0A25F424F6C}.AMD Debug|x86.ActiveCfg = AMD Debug|Win32
		{36603F68-FE40-4465-AFD6-A0A25F424F6C}.AMD Debug|x86.Build.0 = AMD Debug|Win32
		{36603F68-FE40-4465-AFD6-A0A25F424F6C}.AMD Release|Any CPU.ActiveCfg = AMD Release|Win32
		{36603F68-FE40-4465-AFD6-A0A25F424F6C}.AMD Release|Any CPU.Build.0 = AMD Release|Win32
		{36603F68-FE40-4465-AFD6-A0A25F424F6C}.AMD Release|x64.ActiveCfg = AMD Release|x64
		{36603F68-FE40-4465-AFD6-A0A25F424F6C}.AMD Release|x64.Build.0 = AMD Release|x64
		{36603F68-FE40-4465-AFD6-A0A25F424F6C}.AMD Release|x86.ActiveCfg = AMD Release|Win32
		{36603F68-FE40-4465-AFD6-A0A25F424F6C}.AMD Release|x86.Build.0 = AMD Release|Win32
		{36603F68-FE40-4465-AFD6-A0A25F424F6C}.Debug|Any CPU.ActiveCfg = Debug|Win32
		{36603F68-FE40-4465-AFD6-A0A25F424F6C}.Debug|x64.ActiveCfg = Debug|x64
		{36603F68-FE40-4465-AFD6-A0A25F424F6C}.Debug|x64.Build.0 = Debug|x64
		{36603F68-FE40-4465-AFD6-A0A25F424F6C}.Debug|x86.ActiveCfg = Debug|Win32
		{36603F68-FE40-4465-AFD6-A0A25F424F6C}.Debug|x86.Build.0 = Debug|Win32
		{36603F68-FE40-4465-AFD6-A0A25F424F6C}.Intel Debug|Any CPU.ActiveCfg = Intel Debug|Win32
		{36603F68-FE40-4465-AFD6-A0A25F424F6C}.Intel Debug|Any CPU.Build.0 = Intel Debug|Win32
		{36603F68-FE40-4465-AFD6-A0A25F424F6C}.Intel Debug|x64.ActiveCfg = Intel Debug|x64
		{36603F68-FE40-4465-AFD6-A0A25F424F6C}.Intel Debug|x64.Build.0 = Intel Debug|x64
		{36603F68-FE40-4465-AFD6-A0A25F424F6C}.Intel Debug|x86.ActiveCfg = Intel Debug|Win32
		{36603F68-FE40-4465-AFD6-A0A25F424F6C}.Intel Debug|x86.Build.0 = Intel Debug|Win32
		{36603F68-FE40-4465-AFD6-A0A25F424F6C}.Intel Release|Any CPU.ActiveCfg = Intel Release|Win32
		{36603F68-FE40-4465-AFD6-A0A25F424F6C}.Intel Release|Any CPU.Build.0 = Intel Release|Win32
		{36603F68-FE40-4465-AFD6-A0A25F424F6C}.Intel Release|x64.ActiveCfg = Intel Release|x64
		{36603F68-FE40-4465-AFD6-A0A25F424F6C}.Intel Release|x64.Build.0 = Intel Release|x64
		{36603F68-FE40-4465-AFD6-A0A25F424F6C}.Intel Release|x86.ActiveCfg = Intel Release|Win32
		{36603F68-FE40-4465-AFD6-A0A25F424F6C}.Intel Release|x86.Build.0 = Intel Release|Win32
		{36603F68-FE40-4465-AFD6-A0A25F424F6C}.NVIDIA Debug|Any CPU.ActiveCfg = NVIDIA Debug|Win32
		{36603F68-FE40-4465-AFD6-A0A25F424F6C}.NVIDIA Debug|Any CPU.Build.0 = NVIDIA Debug|Win32
		{36603F68-FE40-4465-AFD6-A0A25F424F6C}.NVIDIA Debug|x64.ActiveCfg = NVIDIA Debug|x64
		{36603F68-FE40-4465-AFD6-A0A25F424F6C}.NVIDIA Debug|x64.Build.0 = NVIDIA Debug|x64
		{36603F68-FE40-4465-AFD6-A0A25F424F6C}.NVIDIA Debug|x86.ActiveCfg = NVIDIA Debug|Win32
		{36603F68-FE40-4465-AFD6-A0A25F424F6C}.NVIDIA Debug|x86.Build.0 = NVIDIA Debug|Win32
		{36603F68-FE40-4465-AFD6-A0A25F424F6C}.NVIDIA Release|Any CPU.ActiveCfg = NVIDIA Release|Win32
		{36603F68-FE40-4465-AFD6-A0A25F424F6C}.NVIDIA Release|Any CPU.Build.0 = NVIDIA Release|Win32
		{36603F68-FE40-4465-AFD6-A0A25F424F6C}.NVIDIA Release|x64.ActiveCfg = NVIDIA Release|x64
		{36603F68-FE40-4465-AFD6-A0A25F424F6C}.NVIDIA Release|x64.Build.0 = NVIDIA Release|x64
		{36603F68-FE40-4465-AFD6-A0A25F424F6C}.NVIDIA Release|x86.ActiveCfg = NVIDIA Release|Win32
		{36603F68-FE40-4465-AFD6-A0A25F424F6C}.NVIDIA Release|x86.Build.0 = NVIDIA Release|Win32
		{36603F68-FE40-4465-AFD6-A0A25F424F6C}.Release|Any CPU.ActiveCfg = Release|Win32
		{36603F68-FE40-4465-AFD6-A0A25F424F6C}.Release|x64.ActiveCfg = Release|x64
		{36603F68-FE40-4465-AFD6-A0A25F424F6C}.Release|x64.Build.0 = Release|x64
		{36603F68-FE40-4465-AFD6-A0A25F424F6C}.Release|x86.ActiveCfg = Release|Win32
		{36603F68-FE40-4465-AFD6-A0A25F424F6C}.Release|x86.Build.0 = Release|Win32
		{361E34D2-E68D-4A49-9979-8397AF2AADA5}.AMD Debug|Any CPU.ActiveCfg = AMD Debug|Win32
		{361E34D2-E68D-4A49-9979-8397AF2AADA5}.AMD Debug|Any CPU.Build.0 = AMD Debug|Win32
		{361E34D2-E68D-4A49-9979-8397AF2AADA5}.AMD Debug|x64.ActiveCfg = AMD Debug|x64
		{361E34D2-E68D-4A49-9979-8397AF2AADA5}.AMD Debug|x64.Build.0 = AMD Debug|x64
		{361E34D2-E68D-4A49-9979-8397AF2AADA5}.AMD Debug|x86.ActiveCfg = AMD Debug|Win32
		{361E34D2-E68D-4A49-9979-8397AF2AADA5}.AMD Debug|x86.Build.0 = AMD Debug|Win32
		{361E34D2-E68D-4A49-9979-8397AF2AADA5}.AMD Release|Any CPU.ActiveCfg = AMD Release|Win32
		{361E34D2-E68D-4A49-9979-8397AF2AADA5}.AMD Release|Any CPU.Build.0 = AMD Release|Win32
		{361E34D2-E68D-4A49-9979-8397AF2AADA5}.AMD Release|x64.ActiveCfg = AMD Release|x64
		{361E34D2-E68D-4A49-9979-8397AF2AADA5}.AMD Release|x64.Build.0 = AMD Release|x64
		{361E34D2-E68D-4A49-9979-8397AF2AADA5}.AMD Release|x86.ActiveCfg = AMD Release|Win32
		{361E34D2-E68D-4A49-9979-8397AF2AADA5}.AMD Release|x86.Build.0 = AMD Release|Win32
		{361E34D2-E68D-4A49-9979-8397AF2AADA5}.Debug|Any CPU.ActiveCfg = Debug|Win32
		{361E34D2-E68D-4A49-9979-8397AF2AADA5}.Debug|x64.ActiveCfg = Debug|x64
		{361E34D2-E68D-4A49-9979-8397AF2AADA5}.Debug|x64.Build.0 = Debug|x64
		{361E34D2-E68D-4A49-9979-8397AF2AADA5}.Debug|x86.ActiveCfg = Debug|Win32
		{361E34D2-E68D-4A49-9979-8397AF2AADA5}.Debug|x86.Build.0 = Debug|Win32
		{361E34D2-E68D-4A49-9979-8397AF2AADA5}.Intel Debug|Any CPU.ActiveCfg = Intel Debug|Win32
		{361E34D2-E68D-4A49-9979-8397AF2AADA5}.Intel Debug|Any CPU.Build.0 = Intel Debug|Win32
		{361E34D2-E68D-4A49-9979-8397AF2AADA5}.Intel Debug|x64.ActiveCfg = Intel Debug|x64
		{361E34D2-E68D-4A49-9979-8397AF2AADA5}.Intel Debug|x64.Build.0 = Intel Debug|x64
		{361E34D2-E68D-4A49-9979-8397AF2AADA5}.Intel Debug|x86.ActiveCfg = Intel Debug|Win32
		{361E34D2-E68D-4A49-9979-8397AF2AADA5}.Intel Debug|x86.Build.0 = Intel Debug|Win32
		{361E34D2-E68D-4A49-9979-8397AF2AADA5}.Intel Release|Any CPU.ActiveCfg = Intel Release|Win32
		{361E34D2-E68D-4A49-9979-8397AF2AADA5}.Intel Release|Any CPU.Build.0 = Intel Release|Win32
		{361E34D2-E68D-4A49-9979-8397AF2AADA5}.Intel Release|x64.ActiveCfg = Intel Release|x64
		{361E34D2-E68D-4A49-9979-8397AF2AADA5}.Intel Release|x64.Build.0 = Intel Release|x64
		{361E34D2-E68D-4A49-9979-8397AF2AADA5}.Intel Release|x86.ActiveCfg = Intel Release|Win32
		{361E34D2-E68D-4A49-9979-8397AF2AADA5}.Intel Release|x86.Build.0 = Intel Release|Win32
		{361E34D2-E68D-4A49-9979-8397AF2AADA5}.NVIDIA Debug|Any CPU.ActiveCfg = NVIDIA Debug|Win32
		{361E34D2-E68D-4A49-9979-8397AF2AADA5}.NVIDIA Debug|Any CPU.Build.0 = NVIDIA Debug|Win32
		{361E34D2-E68D-4A49-9979-8397AF2AADA5}.NVIDIA Debug|x64.ActiveCfg = NVIDIA Debug|x64
		{361E34D2-E68D-4A49-9979-8397AF2AADA5}.NVIDIA Debug|x64.Build.0 = NVIDIA Debug|x64
		{361E34D2-E68D-4A49-9979-8397AF2AADA5}.NVIDIA Debug|x86.ActiveCfg = NVIDIA Debug|Win32
		{361E34D2-E68D-4A49-9979-8397AF2AADA5}.NVIDIA Debug|x86.Build.0 = NVIDIA Debug|Win32
		{361E34D2-E68D-4A49-9979-8397AF2AADA5}.NVIDIA Release|Any CPU.ActiveCfg = NVIDIA Release|Win32
		{361E34D2-E68D-4A49-9979-8397AF2AADA5}.NVIDIA Release|Any CPU.Build.0 = NVIDIA Release|Win32
		{361E34D2-E68D-4A49-9979-8397AF2AADA5}.NVIDIA Release|x64.ActiveCfg = NVIDIA Release|x64
		{361E34D2-E68D-4A49-9979-8397AF2AADA5}.NVIDIA Release|x64.Build.0 = NVIDIA Release|x64
		{361E34D2-E68D-4A49-9979-8397AF2AADA5}.NVIDIA Release|x86.ActiveCfg = NVIDIA Release|Win32
		{361E34D2-E68D-4A49-9979-8397AF2AADA5}.NVIDIA Release|x86.Build.0 = NVIDIA Release|Win32
		{361E34D2-E68D-4A49-9979-8397AF2AADA5}.Release|Any CPU.ActiveCfg = Release|Win32
		{361E34D2-E68D-4A49-9979-8397AF2AADA5}.Release|x64.ActiveCfg = Release|x64
		{361E34D2-E68D-4A49-9979-8397AF2AADA5}.Release|x64.Build.0 = Release|x64
		{361E34D2-E68D-4A49-9979-8397AF2AADA5}.Release|x86.ActiveCfg = Release|Win32
		{361E34D2-E68D-4A49-9979-8397AF2AADA5}.Release|x86.Build.0 = Release|Win32
		{44F46187-0F0E-4B5B-8D6A-9AC7D4BBEF9D}.AMD Debug|Any CPU.ActiveCfg = AMD Debug|Win32
		{44F46187-0F0E-4B5B-8D6A-9AC7D4BBEF9D}.AMD Debug|Any CPU.Build.0 = AMD Debug|Win32
		{44F46187-0F0E-4B5B-8D6A-9AC7D4BBEF9D}.AMD Debug|x64.ActiveCfg = AMD Debug|x64
		{44F46187-0F0E-4B5B-8D6A-9AC7D4BBEF9D}.AMD Debug|x64.Build.0 = AMD Debug|x64
		{44F46187-0F0E-4B5B-8D6A-9AC7D4BBEF9D}.AMD Debug|x86.ActiveCfg = AMD Debug|Win32
		{44F46187-0F0E-4B5B-8D6A-9AC7D4BBEF9D}.AMD Debug|x86.Build.0 = AMD Debug|Win32
		{44F46187-0F0E-4B5B-8D6A-9AC7D4BBEF9D}.AMD Release|Any CPU.ActiveCfg = AMD Release|Win32
		{44F46187-0F0E-4B5B-8D6A-9AC7D4BBEF9D}.AMD Release|Any CPU.Build.0 = AMD Release|Win32
		{44F46187-0F0E-4B5B-8D6A-9AC7D4BBEF9D}.AMD Release|x64.ActiveCfg = AMD Release|x64
		{44F46187-0F0E-4B5B-8D6A-9AC7D4BBEF9D}.AMD Release|x64.Build.0 = AMD Release|x64
		{44F46187-0F0E-4B5B-8D6A-9AC7D4BBEF9D}.AMD Release|x86.ActiveCfg = AMD Release|Win32
		{44F46187-0F0E-4B5B-8D6A-9AC7D4BBEF9D}.AMD Release|x86.Build.0 = AMD Release|Win32
		{44F46187-0F0E-4B5B-8D6A-9AC7D4BBEF9D}.Debug|Any CPU.ActiveCfg = Debug|Win32
		{44F46187-0F0E-4B5B-8D6A-9AC7D4BBEF9D}.Debug|x64.ActiveCfg = Debug|x64
		{44F46187-0F0E-4B5B-8D6A-9AC7D4BBEF9D}.Debug|x64.Build.0 = Debug|x64
		{44F46187-0F0E-4B5B-8D6A-9AC7D4BBEF9D}.Debug|x86.ActiveCfg = Debug|Win32
		{44F46187-0F0E-4B5B-8D6A-9AC7D4BBEF9D}.Debug|x86.Build.0 = Debug|Win32
		{44F46187-0F0E-4B5B-8D6A-9AC7D4BBEF9D}.Intel Debug|Any CPU.ActiveCfg = Intel Debug|Win32
		{44F46187-0F0E-4B5B-8D6A-9AC7D4BBEF9D}.Intel Debug|Any CPU.Build.0 = Intel Debug|Win32
		{44F46187-0F0E-4B5B-8D6A-9AC7D4BBEF9D}.Intel Debug|x64.ActiveCfg = Intel Debug|x64
		{44F46187-0F0E-4B5B-8D6A-9AC7D4BBEF9D}.Intel Debug|x64.Build.0 = Intel Debug|x64
		{44F46187-0F0E-4B5B-8D6A-9AC7D4BBEF9D}.Intel Debug|x86.ActiveCfg = Intel Debug|Win32
		{44F46187-0F0E-4B5B-8D6A-9AC7D4BBEF9D}.Intel Debug|x86.Build.0 = Intel Debug|Win32
		{44F46187-0F0E-4B5B-8D6A-9AC7D4BBEF9D}.Intel Release|Any CPU.ActiveCfg = Intel Release|Win32
		{44F46187-0F0E-4B5B-8D6A-9AC7D4BBEF9D}.Intel Release|Any CPU.Build.0 = Intel Release|Win32
		{44F46187-0F0E-4B5B-8D6A-9AC7D4BBEF9D}.Intel Release|x64.ActiveCfg = Intel Release|x64
		{44F46187-0F0E-4B5B-8D6A-9AC7D4BBEF9D}.Intel Release|x64.Build.0 = Intel Release|x64
		{44F46187-0F0E-4B5B-8D6A-9AC7D4BBEF9D}.Intel Release|x86.ActiveCfg = Intel Release|Win32
		{44F46187-0F0E-4B5B-8D6A-9AC7D4BBEF9D}.Intel Release|x86.Build.0 = Intel Release|Win32
		{44F46187-0F0E-4B5B-8D6A-9AC7D4BBEF9D}.NVIDIA Debug|Any CPU.ActiveCfg = NVIDIA Debug|Win32
		{44F46187-0F0E-4B5B-8D6A-9AC7D4BBEF9D}.NVIDIA Debug|Any CPU.Build.0 = NVIDIA Debug|Win32
		{44F46187-0F0E-4B5B-8D6A-9AC7D4BBEF9D}.NVIDIA Debug|x64.ActiveCfg = NVIDIA Debug|x64
		{44F46187-0F0E-4B5B-8D6A-9AC7D4BBEF9D}.NVIDIA Debug|x64.Build.0 = NVIDIA Debug|x64
		{44F46187-0F0E-4B5B-8D6A-9AC7D4BBEF9D}.NVIDIA Debug|x86.ActiveCfg = NVIDIA Debug|Win32
		{44F46187-0F0E-4B5B-8D6A-9AC7D4BBEF9D}.NVIDIA Debug|x86.Build.0 = NVIDIA Debug|Win32
		{44F46187-0F0E-4B5B-8D6A-9AC7D4BBEF9D}.NVIDIA Release|Any CPU.ActiveCfg = NVIDIA Release|Win32
		{44F46187-0F0E-4B5B-8D6A-9AC7D4BBEF9D}.NVIDIA Release|Any CPU.Build.0 = NVIDIA Release|Win32
		{44F46187-0F0E-4B5B-8D6A-9AC7D4BBEF9D}.NVIDIA Release|x64.ActiveCfg = NVIDIA Release|x64
		{44F46187-0F0E-4B5B-8D6A-9AC7D4BBEF9D}.NVIDIA Release|x64.Build.0 = NVIDIA Release|x64
		{44F46187-0F0E-4B5B-8D6A-9AC7D4BBEF9D}.NVIDIA Release|x86.ActiveCfg = NVIDIA Release|Win32
		{44F46187-0F0E-4B5B-8D6A-9AC7D4BBEF9D}.NVIDIA Release|x86.Build.0 = NVIDIA Release|Win32
		{44F46187-0F0E-4B5B-8D6A-9AC7D4BBEF9D}.Release|Any CPU.ActiveCfg = Release|Win32
		{44F46187-0F0E-4B5B-8D6A-9AC7D4BBEF9D}.Release|x64.ActiveCfg = Release|x64
		{44F46187-0F0E-4B5B-8D6A-9AC7D4BBEF9D}.Release|x64.Build.0 = Release|x64
		{44F46187-0F0E-4B5B-8D6A-9AC7D4BBEF9D}.Release|x86.ActiveCfg = Release|Win32
		{44F46187-0F0E-4B5B-8D6A-9AC7D4BBEF9D}.Release|x86.Build.0 = Release|Win32
		{8A073FE2-9107-4410-8C93-5AE60A0A3EF9}.AMD Debug|Any CPU.ActiveCfg = AMD Debug|Win32
		{8A073FE2-9107-4410-8C93-5AE60A0A3EF9}.AMD Debug|Any CPU.Build.0 = AMD Debug|Win32
		{8A073FE2-9107-4410-8C93-5AE60A0A3EF9}.AMD Debug|x64.ActiveCfg = AMD Debug|x64
		{8A073FE2-9107-4410-8C93-5AE60A0A3EF9}.AMD Debug|x64.Build.0 = AMD Debug|x64
		{8A073FE2-9107-4410-8C93-5AE60A0A3EF9}.AMD Debug|x86.ActiveCfg = AMD Debug|Win32
		{8A073FE2-9107-4410-8C93-5AE60A0A3EF9}.AMD Debug|x86.Build.0 = AMD Debug|Win32
		{8A073FE2-9107-4410-8C93-5AE60A0A3EF9}.AMD Release|Any CPU.ActiveCfg = AMD Release|Win32
		{8A073FE2-9107-4410-8C93-5AE60A0A3EF9}.AMD Release|Any CPU.Build.0 = AMD Release|Win32
		{8A073FE2-9107-4410-8C93-5AE60A0A3EF9}.AMD Release|x64.ActiveCfg = AMD Release|x64
		{8A073FE2-9107-4410-8C93-5AE60A0A3EF9}.AMD Release|x64.Build.0 = AMD Release|x64
		{8A073FE2-9107-4410-8C93-5AE60A0A3EF9}.AMD Release|x86.ActiveCfg = AMD Release|Win32
		{8A073FE2-9107-4410-8C93-5AE60A0A3EF9}.AMD Release|x86.Build.0 = AMD Release|Win32
		{8A073FE2-9107-4410-8C93-5AE60A0A3EF9}.Debug|Any CPU.ActiveCfg = Debug|Win32
		{8A073FE2-9107-4410-8C93-5AE60A0A3EF9}.Debug|x64.ActiveCfg = Debug|x64
		{8A073FE2-9107-4410-8C93-5AE60A0A3EF9}.Debug|x64.Build.0 = Debug|x64
		{8A073FE2-9107-4410-8C93-5AE60A0A3EF9}.Debug|x86.ActiveCfg = Debug|Win32
		{8A073FE2-9107-4410-8C93-5AE60A0A3EF9}.Debug|x86.Build.0 = Debug|Win32
		{8A073FE2-9107-4410-8C93-5AE60A0A3EF9}.Intel Debug|Any CPU.ActiveCfg = Intel Debug|Win32
		{8A073FE2-9107-4410-8C93-5AE60A0A3EF9}.Intel Debug|Any CPU.Build.0 = Intel Debug|Win32
		{8A073FE2-9107-4410-8C93-5AE60A0A3EF9}.Intel Debug|x64.ActiveCfg = Intel Debug|x64
		{8A073FE2-9107-4410-8C93-5AE60A0A3EF9}.Intel Debug|x64.Build.0 = Intel Debug|x64
		{8A073FE2-9107-4410-8C93-5AE60A0A3EF9}.Intel Debug|x86.ActiveCfg = Intel Debug|Win32
		{8A073FE2-9107-4410-8C93-5AE60A0A3EF9}.Intel Debug|x86.Build.0 = Intel Debug|Win32
		{8A073FE2-9107-4410-8C93-5AE60A0A3EF9}.Intel Release|Any CPU.ActiveCfg = Intel Release|Win32
		{8A073FE2-9107-4410-8C93-5AE60A0A3EF9}.Intel Release|Any CPU.Build.0 = Intel Release|Win32
		{8A073FE2-9107-4410-8C93-5AE60A0A3EF9}.Intel Release|x64.ActiveCfg = Intel Release|x64
		{8A073FE2-9107-4410-8C93-5AE60A0A3EF9}.Intel Release|x64.Build.0 = Intel Release|x64
		{8A073FE2-9107-4410-8C93-5AE60A0A3EF9}.Intel Release|x86.ActiveCfg = Intel Release|Win32
		{8A073FE2-9107-4410-8C93-5AE60A0A3EF9}.Intel Release|x86.Build.0 = Intel Release|Win32
		{8A073FE2-9107-4410-8C93-5AE60A0A3EF9}.NVIDIA Debug|Any CPU.ActiveCfg = NVIDIA Debug|Win32
		{8A073FE2-9107-4410-8C93-5AE60A0A3EF9}.NVIDIA Debug|Any CPU.Build.0 = NVIDIA Debug|Win32
		{8A073FE2-9107-4410-8C93-5AE60A0A3EF9}.NVIDIA Debug|x64.ActiveCfg = NVIDIA Debug|x64
		{8A073FE2-9107-4410-8C93-5AE60A0A3EF9}.NVIDIA Debug|x64.Build.0 = NVIDIA Debug|x64
		{8A073FE2-9107-4410-8C93-5AE60A0A3EF9}.NVIDIA Debug|x86.ActiveCfg = NVIDIA Debug|Win32
		{8A073FE2-9107-4410-8C93-5AE60A0A3EF9}.NVIDIA Debug|x86.Build.0 = NVIDIA Debug|Win32
		{8A073FE2-9107-4410-8C93-5AE60A0A3EF9}.NVIDIA Release|Any CPU.ActiveCfg = NVIDIA Release|Win32
		{8A073FE2-9107-4410-8C93-5AE60A0A3EF9}.NVIDIA Release|Any CPU.Build.0 = NVIDIA Release|Win32
		{8A073FE2-9107-4410-8C93-5AE60A0A3EF9}.NVIDIA Release|x64.ActiveCfg = NVIDIA Release|x64
		{8A073FE2-9107-4410-8C93-5AE60A0A3EF9}.NVIDIA Release|x64.Build.0 = NVIDIA Release|x64
		{8A073FE2-9107-4410-8C93-5AE60A0A3EF9}.NVIDIA Release|x86.ActiveCfg = NVIDIA Release|Win32
		{8A073FE2-9107-4410-8C93-5AE60A0A3EF9}.NVIDIA Release|x86.Build.0 = NVIDIA Release|Win32
		{8A073FE2-9107-4410-8C93-5AE60A0A3EF9}.Release|Any CPU.ActiveCfg = Release|Win32
		{8A073FE2-9107-4410-8C93-5AE60A0A3EF9}.Release|x64.ActiveCfg = Release|x64
		{8A073FE2-9107-4410-8C93-5AE60A0A3EF9}.Release|x64.Build.0 = Release|x64
		{8A073FE2-9107-4410-8C93-5AE60A0A3EF9}.Release|x86.ActiveCfg = Release|Win32
		{8A073FE2-9107-4410-8C93-5AE60A0A3EF9}.Release|x86.Build.0 = Release|Win32
		{615A0164-CD0E-49AB-82AA-8B945435F308}.AMD Debug|Any CPU.ActiveCfg = Release|x64
		{615A0164-CD0E-49AB-82AA-8B945435F308}.AMD Debug|Any CPU.Build.0 = Release|x64
		{615A0164-CD0E-49AB-82AA-8B945435F308}.AMD Debug|x64.ActiveCfg = Debug|x64
		{615A0164-CD0E-49AB-82AA-8B945435F308}.AMD Debug|x64.Build.0 = Debug|x64
		{615A0164-CD0E-49AB-82AA-8B945435F308}.AMD Debug|x86.ActiveCfg = Debug|Win32
		{615A0164-CD0E-49AB-82AA-8B945435F308}.AMD Debug|x86.Build.0 = Debug|Win32
		{615A0164-CD0E-49AB-82AA-8B945435F308}.AMD Release|Any CPU.ActiveCfg = Release|x64
		{615A0164-CD0E-49AB-82AA-8B945435F308}.AMD Release|Any CPU.Build.0 = Release|x64
		{615A0164-CD0E-49AB-82AA-8B945435F308}.AMD Release|x64.ActiveCfg = Release|x64
		{615A0164-CD0E-49AB-82AA-8B945435F308}.AMD Release|x64.Build.0 = Release|x64
		{615A0164-CD0E-49AB-82AA-8B945435F308}.AMD Release|x86.ActiveCfg = Release|Win32
		{615A0164-CD0E-49AB-82AA-8B945435F308}.AMD Release|x86.Build.0 = Release|Win32
		{615A0164-CD0E-49AB-82AA-8B945435F308}.Debug|Any CPU.ActiveCfg = Debug|Win32
		{615A0164-CD0E-49AB-82AA-8B945435F308}.Debug|x64.ActiveCfg = Debug|x64
		{615A0164-CD0E-49AB-82AA-8B945435F308}.Debug|x64.Build.0 = Debug|x64
		{615A0164-CD0E-49AB-82AA-8B945435F308}.Debug|x86.ActiveCfg = Debug|Win32
		{615A0164-CD0E-49AB-82AA-8B945435F308}.Debug|x86.Build.0 = Debug|Win32
		{615A0164-CD0E-49AB-82AA-8B945435F308}.Intel Debug|Any CPU.ActiveCfg = Debug|Win32
		{615A0164-CD0E-49AB-82AA-8B945435F308}.Intel Debug|Any CPU.Build.0 = Debug|Win32
		{615A0164-CD0E-49AB-82AA-8B945435F308}.Intel Debug|x64.ActiveCfg = Debug|x64
		{615A0164-CD0E-49AB-82AA-8B945435F308}.Intel Debug|x64.Build.0 = Debug|x64
		{615A0164-CD0E-49AB-82AA-8B945435F308}.Intel Debug|x86.ActiveCfg = Debug|Win32
		{615A0164-CD0E-49AB-82AA-8B945435F308}.Intel Debug|x86.Build.0 = Debug|Win32
		{615A0164-CD0E-49AB-82AA-8B945435F308}.Intel Release|Any CPU.ActiveCfg = Release|x64
		{615A0164-CD0E-49AB-82AA-8B945435F308}.Intel Release|Any CPU.Build.0 = Release|x64
		{615A0164-CD0E-49AB-82AA-8B945435F308}.Intel Release|x64.ActiveCfg = Release|x64
		{615A0164-CD0E-49AB-82AA-8B945435F308}.Intel Release|x64.Build.0 = Release|x64
		{615A0164-CD0E-49AB-82AA-8B945435F308}.Intel Release|x86.ActiveCfg = Release|Win32
		{615A0164-CD0E-49AB-82AA-8B945435F308}.Intel Release|x86.Build.0 = Release|Win32
		{615A0164-CD0E-49AB-82AA-8B945435F308}.NVIDIA Debug|Any CPU.ActiveCfg = Release|x64
		{615A0164-CD0E-49AB-82AA-8B945435F308}.NVIDIA Debug|Any CPU.Build.0 = Release|x64
		{615A0164-CD0E-49AB-82AA-8B945435F308}.NVIDIA Debug|x64.ActiveCfg = Debug|x64
		{615A0164-CD0E-49AB-82AA-8B945435F308}.NVIDIA Debug|x64.Build.0 = Debug|x64
		{615A0164-CD0E-49AB-82AA-8B945435F308}.NVIDIA Debug|x86.ActiveCfg = Debug|Win32
		{615A0164-CD0E-49AB-82AA-8B945435F308}.NVIDIA Debug|x86.Build.0 = Debug|Win32
		{615A0164-CD0E-49AB-82AA-8B945435F308}.NVIDIA Release|Any CPU.ActiveCfg = Release|x64
		{615A0164-CD0E-49AB-82AA-8B945435F308}.NVIDIA Release|Any CPU.Build.0 = Release|x64
		{615A0164-CD0E-49AB-82AA-8B945435F308}.NVIDIA Release|x64.ActiveCfg = Release|x64
		{615A0164-CD0E-49AB-82AA-8B945435F308}.NVIDIA Release|x64.Build.0 = Release|x64
		{615A0164-CD0E-49AB-82AA-8B945435F308}.NVIDIA Release|x86.ActiveCfg = Release|Win32
		{615A0164-CD0E-49AB-82AA-8B945435F308}.NVIDIA Release|x86.Build.0 = Release|Win32
		{615A0164-CD0E-49AB-82AA-8B945435F308}.Release|Any CPU.ActiveCfg = Release|Win32
		{615A0164-CD0E-49AB-82AA-8B945435F308}.Release|x64.ActiveCfg = Release|x64
		{615A0164-CD0E-49AB-82AA-8B945435F308}.Release|x64.Build.0 = Release|x64
		{615A0164-CD0E-49AB-82AA-8B945435F308}.Release|x86.ActiveCfg = Release|Win32
		{615A0164-CD0E-49AB-82AA-8B945435F308}.Release|x86.Build.0 = Release|Win32
		{11784F75-DCA7-4FCB-8490-DF80A4D76B0B}.AMD Debug|Any CPU.ActiveCfg = Release|x64
		{11784F75-DCA7-4FCB-8490-DF80A4D76B0B}.AMD Debug|Any CPU.Build.0 = Release|x64
		{11784F75-DCA7-4FCB-8490-DF80A4D76B0B}.AMD Debug|x64.ActiveCfg = Debug|x64
		{11784F75-DCA7-4FCB-8490-DF80A4D76B0B}.AMD Debug|x64.Build.0 = Debug|x64
		{11784F75-DCA7-4FCB-8490-DF80A4D76B0B}.AMD Debug|x86.ActiveCfg = Debug|Win32
		{11784F75-DCA7-4FCB-8490-DF80A4D76B0B}.AMD Debug|x86.Build.0 = Debug|Win32
		{11784F75-DCA7-4FCB-8490-DF80A4D76B0B}.AMD Release|Any CPU.ActiveCfg = Release|x64
		{11784F75-DCA7-4FCB-8490-DF80A4D76B0B}.AMD Release|Any CPU.Build.0 = Release|x64
		{11784F75-DCA7-4FCB-8490-DF80A4D76B0B}.AMD Release|x64.ActiveCfg = Release|x64
		{11784F75-DCA7-4FCB-8490-DF80A4D76B0B}.AMD Release|x64.Build.0 = Release|x64
		{11784F75-DCA7-4FCB-8490-DF80A4D76B0B}.AMD Release|x86.ActiveCfg = Release|Win32
		{11784F75-DCA7-4FCB-8490-DF80A4D76B0B}.AMD Release|x86.Build.0 = Release|Win32
		{11784F75-DCA7-4FCB-8490-DF80A4D76B0B}.Debug|Any CPU.ActiveCfg = Debug|Win32
		{11784F75-DCA7-4FCB-8490-DF80A4D76B0B}.Debug|x64.ActiveCfg = Debug|x64
		{11784F75-DCA7-4FCB-8490-DF80A4D76B0B}.Debug|x64.Build.0 = Debug|x64
		{11784F75-DCA7-4FCB-8490-DF80A4D76B0B}.Debug|x86.ActiveCfg = Debug|Win32
		{11784F75-DCA7-4FCB-8490-DF80A4D76B0B}.Debug|x86.Build.0 = Debug|Win32
		{11784F75-DCA7-4FCB-8490-DF80A4D76B0B}.Intel Debug|Any CPU.ActiveCfg = Release|x64
		{11784F75-DCA7-4FCB-8490-DF80A4D76B0B}.Intel Debug|Any CPU.Build.0 = Release|x64
		{11784F75-DCA7-4FCB-8490-DF80A4D76B0B}.Intel Debug|x64.ActiveCfg = Debug|x64
		{11784F75-DCA7-4FCB-8490-DF80A4D76B0B}.Intel Debug|x64.Build.0 = Debug|x64
		{11784F75-DCA7-4FCB-8490-DF80A4D76B0B}.Intel Debug|x86.ActiveCfg = Debug|Win32
		{11784F75-DCA7-4FCB-8490-DF80A4D76B0B}.Intel Debug|x86.Build.0 = Debug|Win32
		{11784F75-DCA7-4FCB-8490-DF80A4D76B0B}.Intel Release|Any CPU.ActiveCfg = Release|x64
		{11784F75-DCA7-4FCB-8490-DF80A4D76B0B}.Intel Release|Any CPU.Build.0 = Release|x64
		{11784F75-DCA7-4FCB-8490-DF80A4D76B0B}.Intel Release|x64.ActiveCfg = Release|x64
		{11784F75-DCA7-4FCB-8490-DF80A4D76B0B}.Intel Release|x64.Build.0 = Release|x64
		{11784F75-DCA7-4FCB-8490-DF80A4D76B0B}.Intel Release|x86.ActiveCfg = Release|Win32
		{11784F75-DCA7-4FCB-8490-DF80A4D76B0B}.Intel Release|x86.Build.0 = Release|Win32
		{11784F75-DCA7-4FCB-8490-DF80A4D76B0B}.NVIDIA Debug|Any CPU.ActiveCfg = Release|x64
		{11784F75-DCA7-4FCB-8490-DF80A4D76B0B}.NVIDIA Debug|Any CPU.Build.0 = Release|x64
		{11784F75-DCA7-4FCB-8490-DF80A4D76B0B}.NVIDIA Debug|x64.ActiveCfg = Debug|x64
		{11784F75-DCA7-4FCB-8490-DF80A4D76B0B}.NVIDIA Debug|x64.Build.0 = Debug|x64
		{11784F75-DCA7-4FCB-8490-DF80A4D76B0B}.NVIDIA Debug|x86.ActiveCfg = Debug|Win32
		{11784F75-DCA7-4FCB-8490-DF80A4D76B0B}.NVIDIA Debug|x86.Build.0 = Debug|Win32
		{11784F75-DCA7-4FCB-8490-DF80A4D76B0B}.NVIDIA Release|Any CPU.ActiveCfg = Release|x64
		{11784F75-DCA7-4FCB-8490-DF80A4D76B0B}.NVIDIA Release|Any CPU.Build.0 = Release|x64
		{11784F75-DCA7-4FCB-8490-DF80A4D76B0B}.NVIDIA Release|x64.ActiveCfg = Release|x64
		{11784F75-DCA7-4FCB-8490-DF80A4D76B0B}.NVIDIA Release|x64.Build.0 = Release|x64
		{11784F75-DCA7-4FCB-8490-DF80A4D76B0B}.NVIDIA Release|x86.ActiveCfg = Release|Win32
		{11784F75-DCA7-4FCB-8490-DF80A4D76B0B}.NVIDIA Release|x86.Build.0 = Release|Win32
		{11784F75-DCA7-4FCB-8490-DF80A4D76B0B}.Release|Any CPU.ActiveCfg = Release|Win32
		{11784F75-DCA7-4FCB-8490-DF80A4D76B0B}.Release|x64.ActiveCfg = Release|x64
		{11784F75-DCA7-4FCB-8490-DF80A4D76B0B}.Release|x64.Build.0 = Release|x64
		{11784F75-DCA7-4FCB-8490-DF80A4D76B0B}.Release|x86.ActiveCfg = Release|Win32
		{11784F75-DCA7-4FCB-8490-DF80A4D76B0B}.Release|x86.Build.0 = Release|Win32
	EndGlobalSection
	GlobalSection(SolutionProperties) = preSolution
		HideSolutionNode = FALSE
	EndGlobalSection
EndGlobal
