
Microsoft Visual Studio Solution File, Format Version 12.00
# Visual Studio 2012
Project("{8BC9CEB8-8B4A-11D0-8D11-00A0C91BC942}") = "ConsoleApplication4", "ConsoleApplication4\ConsoleApplication4.vcxproj", "{2EA8A2D8-50F4-4CB2-AC0D-56287D9D4C1E}"
EndProject
Global
	GlobalSection(SolutionConfigurationPlatforms) = preSolution
		Debug|Win32 = Debug|Win32
		Release|Win32 = Release|Win32
	EndGlobalSection
	GlobalSection(ProjectConfigurationPlatforms) = postSolution
		{2EA8A2D8-50F4-4CB2-AC0D-56287D9D4C1E}.Debug|Win32.ActiveCfg = Debug|Win32
		{2EA8A2D8-50F4-4CB2-AC0D-56287D9D4C1E}.Debug|Win32.Build.0 = Debug|Win32
		{2EA8A2D8-50F4-4CB2-AC0D-56287D9D4C1E}.Release|Win32.ActiveCfg = Release|Win32
		{2EA8A2D8-50F4-4CB2-AC0D-56287D9D4C1E}.Release|Win32.Build.0 = Release|Win32
	EndGlobalSection
	GlobalSection(SolutionProperties) = preSolution
		HideSolutionNode = FALSE
	EndGlobalSection
EndGlobal
