
Microsoft Visual Studio Solution File, Format Version 12.00
# Visual Studio 2012
Project("{8BC9CEB8-8B4A-11D0-8D11-00A0C91BC942}") = "sort_array_puz", "sort_array_puz\sort_array_puz.vcxproj", "{65EDAAE0-3106-4DAE-9020-C9FF96F0ACEA}"
EndProject
Global
	GlobalSection(SolutionConfigurationPlatforms) = preSolution
		Debug|Win32 = Debug|Win32
		Release|Win32 = Release|Win32
	EndGlobalSection
	GlobalSection(ProjectConfigurationPlatforms) = postSolution
		{65EDAAE0-3106-4DAE-9020-C9FF96F0ACEA}.Debug|Win32.ActiveCfg = Debug|Win32
		{65EDAAE0-3106-4DAE-9020-C9FF96F0ACEA}.Debug|Win32.Build.0 = Debug|Win32
		{65EDAAE0-3106-4DAE-9020-C9FF96F0ACEA}.Release|Win32.ActiveCfg = Release|Win32
		{65EDAAE0-3106-4DAE-9020-C9FF96F0ACEA}.Release|Win32.Build.0 = Release|Win32
	EndGlobalSection
	GlobalSection(SolutionProperties) = preSolution
		HideSolutionNode = FALSE
	EndGlobalSection
EndGlobal
