
Microsoft Visual Studio Solution File, Format Version 10.00
# Visual Studio 2008
Project("{8BC9CEB8-8B4A-11D0-8D11-00A0C91BC942}") = "test", "test\test.vcproj", "{10936B1F-A676-4E34-8385-F41D59B1537F}"
EndProject
Project("{8BC9CEB8-8B4A-11D0-8D11-00A0C91BC942}") = "HostsGen", "HostsGen\HostsGen.vcproj", "{26B1589A-65FA-4758-ADB2-90067BF48407}"
EndProject
Global
	GlobalSection(SolutionConfigurationPlatforms) = preSolution
		Debug|Win32 = Debug|Win32
		Release|Win32 = Release|Win32
	EndGlobalSection
	GlobalSection(ProjectConfigurationPlatforms) = postSolution
		{10936B1F-A676-4E34-8385-F41D59B1537F}.Debug|Win32.ActiveCfg = Debug|Win32
		{10936B1F-A676-4E34-8385-F41D59B1537F}.Debug|Win32.Build.0 = Debug|Win32
		{10936B1F-A676-4E34-8385-F41D59B1537F}.Release|Win32.ActiveCfg = Release|Win32
		{10936B1F-A676-4E34-8385-F41D59B1537F}.Release|Win32.Build.0 = Release|Win32
		{26B1589A-65FA-4758-ADB2-90067BF48407}.Debug|Win32.ActiveCfg = Debug|Win32
		{26B1589A-65FA-4758-ADB2-90067BF48407}.Debug|Win32.Build.0 = Debug|Win32
		{26B1589A-65FA-4758-ADB2-90067BF48407}.Release|Win32.ActiveCfg = Release|Win32
		{26B1589A-65FA-4758-ADB2-90067BF48407}.Release|Win32.Build.0 = Release|Win32
	EndGlobalSection
	GlobalSection(SolutionProperties) = preSolution
		HideSolutionNode = FALSE
	EndGlobalSection
EndGlobal
