
Microsoft Visual Studio Solution File, Format Version 12.00
# Visual Studio 2012
Project("{8BC9CEB8-8B4A-11D0-8D11-00A0C91BC942}") = "test", "test\test.vcxproj", "{247C4A71-5487-43E4-8D47-778B6BA74731}"
EndProject
Global
	GlobalSection(SolutionConfigurationPlatforms) = preSolution
		Debug|Win32 = Debug|Win32
		Release|Win32 = Release|Win32
	EndGlobalSection
	GlobalSection(ProjectConfigurationPlatforms) = postSolution
		{247C4A71-5487-43E4-8D47-778B6BA74731}.Debug|Win32.ActiveCfg = Debug|Win32
		{247C4A71-5487-43E4-8D47-778B6BA74731}.Debug|Win32.Build.0 = Debug|Win32
		{247C4A71-5487-43E4-8D47-778B6BA74731}.Release|Win32.ActiveCfg = Release|Win32
		{247C4A71-5487-43E4-8D47-778B6BA74731}.Release|Win32.Build.0 = Release|Win32
	EndGlobalSection
	GlobalSection(SolutionProperties) = preSolution
		HideSolutionNode = FALSE
	EndGlobalSection
EndGlobal
