
Microsoft Visual Studio Solution File, Format Version 12.00
# Visual Studio 2012
Project("{8BC9CEB8-8B4A-11D0-8D11-00A0C91BC942}") = "qsort_sli", "qsort_sli\qsort_sli.vcxproj", "{03E60242-8E55-464C-BFFD-35C1B37BDA78}"
EndProject
Global
	GlobalSection(SolutionConfigurationPlatforms) = preSolution
		Debug|Win32 = Debug|Win32
		Release|Win32 = Release|Win32
	EndGlobalSection
	GlobalSection(ProjectConfigurationPlatforms) = postSolution
		{03E60242-8E55-464C-BFFD-35C1B37BDA78}.Debug|Win32.ActiveCfg = Debug|Win32
		{03E60242-8E55-464C-BFFD-35C1B37BDA78}.Debug|Win32.Build.0 = Debug|Win32
		{03E60242-8E55-464C-BFFD-35C1B37BDA78}.Release|Win32.ActiveCfg = Release|Win32
		{03E60242-8E55-464C-BFFD-35C1B37BDA78}.Release|Win32.Build.0 = Release|Win32
	EndGlobalSection
	GlobalSection(SolutionProperties) = preSolution
		HideSolutionNode = FALSE
	EndGlobalSection
EndGlobal
