
Microsoft Visual Studio Solution File, Format Version 12.00
# Visual Studio 2012
Project("{8BC9CEB8-8B4A-11D0-8D11-00A0C91BC942}") = "test_lab4", "test_lab4\test_lab4.vcxproj", "{AD1DA611-662B-4B42-B8A9-BF0490EB248E}"
EndProject
Global
	GlobalSection(SolutionConfigurationPlatforms) = preSolution
		Debug|Win32 = Debug|Win32
		Release|Win32 = Release|Win32
	EndGlobalSection
	GlobalSection(ProjectConfigurationPlatforms) = postSolution
		{AD1DA611-662B-4B42-B8A9-BF0490EB248E}.Debug|Win32.ActiveCfg = Debug|Win32
		{AD1DA611-662B-4B42-B8A9-BF0490EB248E}.Debug|Win32.Build.0 = Debug|Win32
		{AD1DA611-662B-4B42-B8A9-BF0490EB248E}.Release|Win32.ActiveCfg = Release|Win32
		{AD1DA611-662B-4B42-B8A9-BF0490EB248E}.Release|Win32.Build.0 = Release|Win32
	EndGlobalSection
	GlobalSection(SolutionProperties) = preSolution
		HideSolutionNode = FALSE
	EndGlobalSection
EndGlobal
