
Microsoft Visual Studio Solution File, Format Version 12.00
# Visual Studio 15
VisualStudioVersion = 15.0.26403.3
MinimumVisualStudioVersion = 10.0.40219.1
Project("{8BC9CEB8-8B4A-11D0-8D11-00A0C91BC942}") = "0_Hello_World", "0_Hello_World\0_Hello_World.vcxproj", "{A6BA2A59-9477-47F3-9CA6-A3EC0F5637EB}"
EndProject
Project("{8BC9CEB8-8B4A-11D0-8D11-00A0C91BC942}") = "1_Barrier", "1_Barrier\1_Barrier.vcxproj", "{B87903A7-B402-4426-A007-E7B2F15D68A2}"
EndProject
Project("{8BC9CEB8-8B4A-11D0-8D11-00A0C91BC942}") = "2_SendRecv", "2_SendRecv\2_SendRecv.vcxproj", "{C1E26EA4-FC3E-48B3-83DB-7F911C33AE68}"
EndProject
Project("{8BC9CEB8-8B4A-11D0-8D11-00A0C91BC942}") = "3_Tags", "3_Tags\3_Tags.vcxproj", "{09414C58-D409-49A4-B225-C4CDDE6517EC}"
EndProject
Project("{8BC9CEB8-8B4A-11D0-8D11-00A0C91BC942}") = "4_Broadcast", "4_Broadcast\4_Broadcast.vcxproj", "{6ACA574E-FF7D-4937-B0A3-4B1DFF654E32}"
EndProject
Project("{8BC9CEB8-8B4A-11D0-8D11-00A0C91BC942}") = "5_Time", "5_Time\5_Time.vcxproj", "{E4CC4ABF-3F4A-43C7-9C5F-49C038F8E718}"
EndProject
Project("{8BC9CEB8-8B4A-11D0-8D11-00A0C91BC942}") = "6_Message_Size", "6_Message_Size\6_Message_Size.vcxproj", "{0841F579-2A01-4327-AEC6-59D28E2022B1}"
EndProject
Project("{8BC9CEB8-8B4A-11D0-8D11-00A0C91BC942}") = "7_Scatter_Gather", "7_Scatter_Gather\7_Scatter_Gather.vcxproj", "{F3672801-C6A7-4396-B360-827E2F5CA54D}"
EndProject
Project("{8BC9CEB8-8B4A-11D0-8D11-00A0C91BC942}") = "8_Reduce", "8_Reduce\8_Reduce.vcxproj", "{75B58725-B5E1-404F-BA98-7250CAF3C2C3}"
EndProject
Project("{8BC9CEB8-8B4A-11D0-8D11-00A0C91BC942}") = "9_Groups", "9_Groups\9_Groups.vcxproj", "{CAD0E0D4-6A13-451C-86D8-154651923C54}"
EndProject
Project("{8BC9CEB8-8B4A-11D0-8D11-00A0C91BC942}") = "A_Virtual_Topology", "A_Virtual_Topology\A_Virtual_Topology.vcxproj", "{E7AB09A7-6D1C-4444-BE9A-5C9699FF5EBB}"
EndProject
Project("{8BC9CEB8-8B4A-11D0-8D11-00A0C91BC942}") = "lab1_1_a", "lab1_1_a\lab1_1_a\lab1_1_a.vcxproj", "{7F532DD0-7017-4599-9CF9-168FF9454264}"
EndProject
Project("{8BC9CEB8-8B4A-11D0-8D11-00A0C91BC942}") = "lab1_2_b", "lab1_2_b\lab1_2_b.vcxproj", "{5F798E4A-EF50-4164-88E7-7D665924480A}"
EndProject
Project("{8BC9CEB8-8B4A-11D0-8D11-00A0C91BC942}") = "lab1_3_c", "lab1_3_c\lab1_3_c.vcxproj", "{51177C6F-387C-4C2B-B229-C4FBCA098EF2}"
EndProject
Global
	GlobalSection(SolutionConfigurationPlatforms) = preSolution
		Debug|x64 = Debug|x64
		Debug|x86 = Debug|x86
		Release|x64 = Release|x64
		Release|x86 = Release|x86
	EndGlobalSection
	GlobalSection(ProjectConfigurationPlatforms) = postSolution
		{A6BA2A59-9477-47F3-9CA6-A3EC0F5637EB}.Debug|x64.ActiveCfg = Debug|x64
		{A6BA2A59-9477-47F3-9CA6-A3EC0F5637EB}.Debug|x64.Build.0 = Debug|x64
		{A6BA2A59-9477-47F3-9CA6-A3EC0F5637EB}.Debug|x86.ActiveCfg = Debug|Win32
		{A6BA2A59-9477-47F3-9CA6-A3EC0F5637EB}.Debug|x86.Build.0 = Debug|Win32
		{A6BA2A59-9477-47F3-9CA6-A3EC0F5637EB}.Release|x64.ActiveCfg = Release|x64
		{A6BA2A59-9477-47F3-9CA6-A3EC0F5637EB}.Release|x64.Build.0 = Release|x64
		{A6BA2A59-9477-47F3-9CA6-A3EC0F5637EB}.Release|x86.ActiveCfg = Release|Win32
		{A6BA2A59-9477-47F3-9CA6-A3EC0F5637EB}.Release|x86.Build.0 = Release|Win32
		{B87903A7-B402-4426-A007-E7B2F15D68A2}.Debug|x64.ActiveCfg = Debug|x64
		{B87903A7-B402-4426-A007-E7B2F15D68A2}.Debug|x64.Build.0 = Debug|x64
		{B87903A7-B402-4426-A007-E7B2F15D68A2}.Debug|x86.ActiveCfg = Debug|Win32
		{B87903A7-B402-4426-A007-E7B2F15D68A2}.Debug|x86.Build.0 = Debug|Win32
		{B87903A7-B402-4426-A007-E7B2F15D68A2}.Release|x64.ActiveCfg = Release|x64
		{B87903A7-B402-4426-A007-E7B2F15D68A2}.Release|x64.Build.0 = Release|x64
		{B87903A7-B402-4426-A007-E7B2F15D68A2}.Release|x86.ActiveCfg = Release|Win32
		{B87903A7-B402-4426-A007-E7B2F15D68A2}.Release|x86.Build.0 = Release|Win32
		{C1E26EA4-FC3E-48B3-83DB-7F911C33AE68}.Debug|x64.ActiveCfg = Debug|x64
		{C1E26EA4-FC3E-48B3-83DB-7F911C33AE68}.Debug|x64.Build.0 = Debug|x64
		{C1E26EA4-FC3E-48B3-83DB-7F911C33AE68}.Debug|x86.ActiveCfg = Debug|Win32
		{C1E26EA4-FC3E-48B3-83DB-7F911C33AE68}.Debug|x86.Build.0 = Debug|Win32
		{C1E26EA4-FC3E-48B3-83DB-7F911C33AE68}.Release|x64.ActiveCfg = Release|x64
		{C1E26EA4-FC3E-48B3-83DB-7F911C33AE68}.Release|x64.Build.0 = Release|x64
		{C1E26EA4-FC3E-48B3-83DB-7F911C33AE68}.Release|x86.ActiveCfg = Release|Win32
		{C1E26EA4-FC3E-48B3-83DB-7F911C33AE68}.Release|x86.Build.0 = Release|Win32
		{09414C58-D409-49A4-B225-C4CDDE6517EC}.Debug|x64.ActiveCfg = Debug|x64
		{09414C58-D409-49A4-B225-C4CDDE6517EC}.Debug|x64.Build.0 = Debug|x64
		{09414C58-D409-49A4-B225-C4CDDE6517EC}.Debug|x86.ActiveCfg = Debug|Win32
		{09414C58-D409-49A4-B225-C4CDDE6517EC}.Debug|x86.Build.0 = Debug|Win32
		{09414C58-D409-49A4-B225-C4CDDE6517EC}.Release|x64.ActiveCfg = Release|x64
		{09414C58-D409-49A4-B225-C4CDDE6517EC}.Release|x64.Build.0 = Release|x64
		{09414C58-D409-49A4-B225-C4CDDE6517EC}.Release|x86.ActiveCfg = Release|Win32
		{09414C58-D409-49A4-B225-C4CDDE6517EC}.Release|x86.Build.0 = Release|Win32
		{6ACA574E-FF7D-4937-B0A3-4B1DFF654E32}.Debug|x64.ActiveCfg = Debug|x64
		{6ACA574E-FF7D-4937-B0A3-4B1DFF654E32}.Debug|x64.Build.0 = Debug|x64
		{6ACA574E-FF7D-4937-B0A3-4B1DFF654E32}.Debug|x86.ActiveCfg = Debug|Win32
		{6ACA574E-FF7D-4937-B0A3-4B1DFF654E32}.Debug|x86.Build.0 = Debug|Win32
		{6ACA574E-FF7D-4937-B0A3-4B1DFF654E32}.Release|x64.ActiveCfg = Release|x64
		{6ACA574E-FF7D-4937-B0A3-4B1DFF654E32}.Release|x64.Build.0 = Release|x64
		{6ACA574E-FF7D-4937-B0A3-4B1DFF654E32}.Release|x86.ActiveCfg = Release|Win32
		{6ACA574E-FF7D-4937-B0A3-4B1DFF654E32}.Release|x86.Build.0 = Release|Win32
		{E4CC4ABF-3F4A-43C7-9C5F-49C038F8E718}.Debug|x64.ActiveCfg = Debug|x64
		{E4CC4ABF-3F4A-43C7-9C5F-49C038F8E718}.Debug|x64.Build.0 = Debug|x64
		{E4CC4ABF-3F4A-43C7-9C5F-49C038F8E718}.Debug|x86.ActiveCfg = Debug|Win32
		{E4CC4ABF-3F4A-43C7-9C5F-49C038F8E718}.Debug|x86.Build.0 = Debug|Win32
		{E4CC4ABF-3F4A-43C7-9C5F-49C038F8E718}.Release|x64.ActiveCfg = Release|x64
		{E4CC4ABF-3F4A-43C7-9C5F-49C038F8E718}.Release|x64.Build.0 = Release|x64
		{E4CC4ABF-3F4A-43C7-9C5F-49C038F8E718}.Release|x86.ActiveCfg = Release|Win32
		{E4CC4ABF-3F4A-43C7-9C5F-49C038F8E718}.Release|x86.Build.0 = Release|Win32
		{0841F579-2A01-4327-AEC6-59D28E2022B1}.Debug|x64.ActiveCfg = Debug|x64
		{0841F579-2A01-4327-AEC6-59D28E2022B1}.Debug|x64.Build.0 = Debug|x64
		{0841F579-2A01-4327-AEC6-59D28E2022B1}.Debug|x86.ActiveCfg = Debug|Win32
		{0841F579-2A01-4327-AEC6-59D28E2022B1}.Debug|x86.Build.0 = Debug|Win32
		{0841F579-2A01-4327-AEC6-59D28E2022B1}.Release|x64.ActiveCfg = Release|x64
		{0841F579-2A01-4327-AEC6-59D28E2022B1}.Release|x64.Build.0 = Release|x64
		{0841F579-2A01-4327-AEC6-59D28E2022B1}.Release|x86.ActiveCfg = Release|Win32
		{0841F579-2A01-4327-AEC6-59D28E2022B1}.Release|x86.Build.0 = Release|Win32
		{F3672801-C6A7-4396-B360-827E2F5CA54D}.Debug|x64.ActiveCfg = Debug|x64
		{F3672801-C6A7-4396-B360-827E2F5CA54D}.Debug|x64.Build.0 = Debug|x64
		{F3672801-C6A7-4396-B360-827E2F5CA54D}.Debug|x86.ActiveCfg = Debug|Win32
		{F3672801-C6A7-4396-B360-827E2F5CA54D}.Debug|x86.Build.0 = Debug|Win32
		{F3672801-C6A7-4396-B360-827E2F5CA54D}.Release|x64.ActiveCfg = Release|x64
		{F3672801-C6A7-4396-B360-827E2F5CA54D}.Release|x64.Build.0 = Release|x64
		{F3672801-C6A7-4396-B360-827E2F5CA54D}.Release|x86.ActiveCfg = Release|Win32
		{F3672801-C6A7-4396-B360-827E2F5CA54D}.Release|x86.Build.0 = Release|Win32
		{75B58725-B5E1-404F-BA98-7250CAF3C2C3}.Debug|x64.ActiveCfg = Debug|x64
		{75B58725-B5E1-404F-BA98-7250CAF3C2C3}.Debug|x64.Build.0 = Debug|x64
		{75B58725-B5E1-404F-BA98-7250CAF3C2C3}.Debug|x86.ActiveCfg = Debug|Win32
		{75B58725-B5E1-404F-BA98-7250CAF3C2C3}.Debug|x86.Build.0 = Debug|Win32
		{75B58725-B5E1-404F-BA98-7250CAF3C2C3}.Release|x64.ActiveCfg = Release|x64
		{75B58725-B5E1-404F-BA98-7250CAF3C2C3}.Release|x64.Build.0 = Release|x64
		{75B58725-B5E1-404F-BA98-7250CAF3C2C3}.Release|x86.ActiveCfg = Release|Win32
		{75B58725-B5E1-404F-BA98-7250CAF3C2C3}.Release|x86.Build.0 = Release|Win32
		{CAD0E0D4-6A13-451C-86D8-154651923C54}.Debug|x64.ActiveCfg = Debug|x64
		{CAD0E0D4-6A13-451C-86D8-154651923C54}.Debug|x64.Build.0 = Debug|x64
		{CAD0E0D4-6A13-451C-86D8-154651923C54}.Debug|x86.ActiveCfg = Debug|Win32
		{CAD0E0D4-6A13-451C-86D8-154651923C54}.Debug|x86.Build.0 = Debug|Win32
		{CAD0E0D4-6A13-451C-86D8-154651923C54}.Release|x64.ActiveCfg = Release|x64
		{CAD0E0D4-6A13-451C-86D8-154651923C54}.Release|x64.Build.0 = Release|x64
		{CAD0E0D4-6A13-451C-86D8-154651923C54}.Release|x86.ActiveCfg = Release|Win32
		{CAD0E0D4-6A13-451C-86D8-154651923C54}.Release|x86.Build.0 = Release|Win32
		{E7AB09A7-6D1C-4444-BE9A-5C9699FF5EBB}.Debug|x64.ActiveCfg = Debug|x64
		{E7AB09A7-6D1C-4444-BE9A-5C9699FF5EBB}.Debug|x64.Build.0 = Debug|x64
		{E7AB09A7-6D1C-4444-BE9A-5C9699FF5EBB}.Debug|x86.ActiveCfg = Debug|Win32
		{E7AB09A7-6D1C-4444-BE9A-5C9699FF5EBB}.Debug|x86.Build.0 = Debug|Win32
		{E7AB09A7-6D1C-4444-BE9A-5C9699FF5EBB}.Release|x64.ActiveCfg = Release|x64
		{E7AB09A7-6D1C-4444-BE9A-5C9699FF5EBB}.Release|x64.Build.0 = Release|x64
		{E7AB09A7-6D1C-4444-BE9A-5C9699FF5EBB}.Release|x86.ActiveCfg = Release|Win32
		{E7AB09A7-6D1C-4444-BE9A-5C9699FF5EBB}.Release|x86.Build.0 = Release|Win32
		{7F532DD0-7017-4599-9CF9-168FF9454264}.Debug|x64.ActiveCfg = Debug|x64
		{7F532DD0-7017-4599-9CF9-168FF9454264}.Debug|x64.Build.0 = Debug|x64
		{7F532DD0-7017-4599-9CF9-168FF9454264}.Debug|x86.ActiveCfg = Debug|Win32
		{7F532DD0-7017-4599-9CF9-168FF9454264}.Debug|x86.Build.0 = Debug|Win32
		{7F532DD0-7017-4599-9CF9-168FF9454264}.Release|x64.ActiveCfg = Release|x64
		{7F532DD0-7017-4599-9CF9-168FF9454264}.Release|x64.Build.0 = Release|x64
		{7F532DD0-7017-4599-9CF9-168FF9454264}.Release|x86.ActiveCfg = Release|Win32
		{7F532DD0-7017-4599-9CF9-168FF9454264}.Release|x86.Build.0 = Release|Win32
		{5F798E4A-EF50-4164-88E7-7D665924480A}.Debug|x64.ActiveCfg = Debug|x64
		{5F798E4A-EF50-4164-88E7-7D665924480A}.Debug|x64.Build.0 = Debug|x64
		{5F798E4A-EF50-4164-88E7-7D665924480A}.Debug|x86.ActiveCfg = Debug|Win32
		{5F798E4A-EF50-4164-88E7-7D665924480A}.Debug|x86.Build.0 = Debug|Win32
		{5F798E4A-EF50-4164-88E7-7D665924480A}.Release|x64.ActiveCfg = Release|x64
		{5F798E4A-EF50-4164-88E7-7D665924480A}.Release|x64.Build.0 = Release|x64
		{5F798E4A-EF50-4164-88E7-7D665924480A}.Release|x86.ActiveCfg = Release|Win32
		{5F798E4A-EF50-4164-88E7-7D665924480A}.Release|x86.Build.0 = Release|Win32
		{51177C6F-387C-4C2B-B229-C4FBCA098EF2}.Debug|x64.ActiveCfg = Debug|x64
		{51177C6F-387C-4C2B-B229-C4FBCA098EF2}.Debug|x64.Build.0 = Debug|x64
		{51177C6F-387C-4C2B-B229-C4FBCA098EF2}.Debug|x86.ActiveCfg = Debug|Win32
		{51177C6F-387C-4C2B-B229-C4FBCA098EF2}.Debug|x86.Build.0 = Debug|Win32
		{51177C6F-387C-4C2B-B229-C4FBCA098EF2}.Release|x64.ActiveCfg = Release|x64
		{51177C6F-387C-4C2B-B229-C4FBCA098EF2}.Release|x64.Build.0 = Release|x64
		{51177C6F-387C-4C2B-B229-C4FBCA098EF2}.Release|x86.ActiveCfg = Release|Win32
		{51177C6F-387C-4C2B-B229-C4FBCA098EF2}.Release|x86.Build.0 = Release|Win32
	EndGlobalSection
	GlobalSection(SolutionProperties) = preSolution
		HideSolutionNode = FALSE
	EndGlobalSection
	GlobalSection(ExtensibilityGlobals) = postSolution
		SolutionGuid = {D6EC6FBC-4200-40E0-ACFA-1DF2E26CCED0}
	EndGlobalSection
EndGlobal
