
Microsoft Visual Studio Solution File, Format Version 12.00
# Visual Studio 14
VisualStudioVersion = 14.0.23107.0
MinimumVisualStudioVersion = 10.0.40219.1
Project("{8BC9CEB8-8B4A-11D0-8D11-00A0C91BC942}") = "0_HelloWorld", "0_HelloWorld\0_HelloWorld.vcxproj", "{B59EDC92-DF61-48DF-A305-4C59CEA75761}"
EndProject
Project("{8BC9CEB8-8B4A-11D0-8D11-00A0C91BC942}") = "1_Private_Shared", "1_Private_Shared\1_Private_Shared.vcxproj", "{33B0BD49-E932-4926-AEA7-DD3BA542952B}"
EndProject
Project("{8BC9CEB8-8B4A-11D0-8D11-00A0C91BC942}") = "2_For", "2_For\2_For.vcxproj", "{BB289CA9-20C8-4E23-B6D4-74C97E83569B}"
EndProject
Project("{8BC9CEB8-8B4A-11D0-8D11-00A0C91BC942}") = "3_Single", "3_Single\3_Single.vcxproj", "{D86A67DF-80CD-48BD-8A59-AE775150B834}"
EndProject
Project("{8BC9CEB8-8B4A-11D0-8D11-00A0C91BC942}") = "4_Sections", "4_Sections\4_Sections.vcxproj", "{5FFE91EF-0558-4337-BC97-23FF98F8B34D}"
EndProject
Project("{8BC9CEB8-8B4A-11D0-8D11-00A0C91BC942}") = "5_Master", "5_Master\5_Master.vcxproj", "{86FF71F0-7917-4A4A-95FB-67328E63122C}"
EndProject
Project("{8BC9CEB8-8B4A-11D0-8D11-00A0C91BC942}") = "6_Critical", "6_Critical\6_Critical.vcxproj", "{A7E6BD5D-5CFD-41E0-B78B-E99AF84C1656}"
EndProject
Project("{8BC9CEB8-8B4A-11D0-8D11-00A0C91BC942}") = "7_Nested", "7_Nested\7_Nested.vcxproj", "{C66F61CD-D7AF-4C46-9A09-7FB216E8281B}"
EndProject
Project("{8BC9CEB8-8B4A-11D0-8D11-00A0C91BC942}") = "8_Time", "8_Time\8_Time.vcxproj", "{F09D05C8-5407-4499-A00A-8FB64CE59D4B}"
EndProject
Project("{8BC9CEB8-8B4A-11D0-8D11-00A0C91BC942}") = "lab2_1", "lab2_1\lab2_1.vcxproj", "{EBB4465A-3327-4AF5-8813-42F63260CC38}"
EndProject
Project("{8BC9CEB8-8B4A-11D0-8D11-00A0C91BC942}") = "lab2_2", "lab2_2\lab2_2.vcxproj", "{736D8ED7-7A11-46B0-B27B-73D67789D996}"
EndProject
Project("{8BC9CEB8-8B4A-11D0-8D11-00A0C91BC942}") = "lab2_3", "lab2_3\lab2_3.vcxproj", "{76404767-50E4-4302-AAF8-16B5CC96222C}"
EndProject
Project("{8BC9CEB8-8B4A-11D0-8D11-00A0C91BC942}") = "lab2_4", "lab2_4\lab2_4.vcxproj", "{8221EAA4-96EF-4956-879B-351E2CB9CE42}"
EndProject
Global
	GlobalSection(SolutionConfigurationPlatforms) = preSolution
		Debug|x64 = Debug|x64
		Debug|x86 = Debug|x86
		Release|x64 = Release|x64
		Release|x86 = Release|x86
	EndGlobalSection
	GlobalSection(ProjectConfigurationPlatforms) = postSolution
		{B59EDC92-DF61-48DF-A305-4C59CEA75761}.Debug|x64.ActiveCfg = Debug|x64
		{B59EDC92-DF61-48DF-A305-4C59CEA75761}.Debug|x64.Build.0 = Debug|x64
		{B59EDC92-DF61-48DF-A305-4C59CEA75761}.Debug|x86.ActiveCfg = Debug|Win32
		{B59EDC92-DF61-48DF-A305-4C59CEA75761}.Debug|x86.Build.0 = Debug|Win32
		{B59EDC92-DF61-48DF-A305-4C59CEA75761}.Release|x64.ActiveCfg = Release|x64
		{B59EDC92-DF61-48DF-A305-4C59CEA75761}.Release|x64.Build.0 = Release|x64
		{B59EDC92-DF61-48DF-A305-4C59CEA75761}.Release|x86.ActiveCfg = Release|Win32
		{B59EDC92-DF61-48DF-A305-4C59CEA75761}.Release|x86.Build.0 = Release|Win32
		{33B0BD49-E932-4926-AEA7-DD3BA542952B}.Debug|x64.ActiveCfg = Debug|x64
		{33B0BD49-E932-4926-AEA7-DD3BA542952B}.Debug|x64.Build.0 = Debug|x64
		{33B0BD49-E932-4926-AEA7-DD3BA542952B}.Debug|x86.ActiveCfg = Debug|Win32
		{33B0BD49-E932-4926-AEA7-DD3BA542952B}.Debug|x86.Build.0 = Debug|Win32
		{33B0BD49-E932-4926-AEA7-DD3BA542952B}.Release|x64.ActiveCfg = Release|x64
		{33B0BD49-E932-4926-AEA7-DD3BA542952B}.Release|x64.Build.0 = Release|x64
		{33B0BD49-E932-4926-AEA7-DD3BA542952B}.Release|x86.ActiveCfg = Release|Win32
		{33B0BD49-E932-4926-AEA7-DD3BA542952B}.Release|x86.Build.0 = Release|Win32
		{BB289CA9-20C8-4E23-B6D4-74C97E83569B}.Debug|x64.ActiveCfg = Debug|x64
		{BB289CA9-20C8-4E23-B6D4-74C97E83569B}.Debug|x64.Build.0 = Debug|x64
		{BB289CA9-20C8-4E23-B6D4-74C97E83569B}.Debug|x86.ActiveCfg = Debug|Win32
		{BB289CA9-20C8-4E23-B6D4-74C97E83569B}.Debug|x86.Build.0 = Debug|Win32
		{BB289CA9-20C8-4E23-B6D4-74C97E83569B}.Release|x64.ActiveCfg = Release|x64
		{BB289CA9-20C8-4E23-B6D4-74C97E83569B}.Release|x64.Build.0 = Release|x64
		{BB289CA9-20C8-4E23-B6D4-74C97E83569B}.Release|x86.ActiveCfg = Release|Win32
		{BB289CA9-20C8-4E23-B6D4-74C97E83569B}.Release|x86.Build.0 = Release|Win32
		{D86A67DF-80CD-48BD-8A59-AE775150B834}.Debug|x64.ActiveCfg = Debug|x64
		{D86A67DF-80CD-48BD-8A59-AE775150B834}.Debug|x64.Build.0 = Debug|x64
		{D86A67DF-80CD-48BD-8A59-AE775150B834}.Debug|x86.ActiveCfg = Debug|Win32
		{D86A67DF-80CD-48BD-8A59-AE775150B834}.Debug|x86.Build.0 = Debug|Win32
		{D86A67DF-80CD-48BD-8A59-AE775150B834}.Release|x64.ActiveCfg = Release|x64
		{D86A67DF-80CD-48BD-8A59-AE775150B834}.Release|x64.Build.0 = Release|x64
		{D86A67DF-80CD-48BD-8A59-AE775150B834}.Release|x86.ActiveCfg = Release|Win32
		{D86A67DF-80CD-48BD-8A59-AE775150B834}.Release|x86.Build.0 = Release|Win32
		{5FFE91EF-0558-4337-BC97-23FF98F8B34D}.Debug|x64.ActiveCfg = Debug|x64
		{5FFE91EF-0558-4337-BC97-23FF98F8B34D}.Debug|x64.Build.0 = Debug|x64
		{5FFE91EF-0558-4337-BC97-23FF98F8B34D}.Debug|x86.ActiveCfg = Debug|Win32
		{5FFE91EF-0558-4337-BC97-23FF98F8B34D}.Debug|x86.Build.0 = Debug|Win32
		{5FFE91EF-0558-4337-BC97-23FF98F8B34D}.Release|x64.ActiveCfg = Release|x64
		{5FFE91EF-0558-4337-BC97-23FF98F8B34D}.Release|x64.Build.0 = Release|x64
		{5FFE91EF-0558-4337-BC97-23FF98F8B34D}.Release|x86.ActiveCfg = Release|Win32
		{5FFE91EF-0558-4337-BC97-23FF98F8B34D}.Release|x86.Build.0 = Release|Win32
		{86FF71F0-7917-4A4A-95FB-67328E63122C}.Debug|x64.ActiveCfg = Debug|x64
		{86FF71F0-7917-4A4A-95FB-67328E63122C}.Debug|x64.Build.0 = Debug|x64
		{86FF71F0-7917-4A4A-95FB-67328E63122C}.Debug|x86.ActiveCfg = Debug|Win32
		{86FF71F0-7917-4A4A-95FB-67328E63122C}.Debug|x86.Build.0 = Debug|Win32
		{86FF71F0-7917-4A4A-95FB-67328E63122C}.Release|x64.ActiveCfg = Release|x64
		{86FF71F0-7917-4A4A-95FB-67328E63122C}.Release|x64.Build.0 = Release|x64
		{86FF71F0-7917-4A4A-95FB-67328E63122C}.Release|x86.ActiveCfg = Release|Win32
		{86FF71F0-7917-4A4A-95FB-67328E63122C}.Release|x86.Build.0 = Release|Win32
		{A7E6BD5D-5CFD-41E0-B78B-E99AF84C1656}.Debug|x64.ActiveCfg = Debug|x64
		{A7E6BD5D-5CFD-41E0-B78B-E99AF84C1656}.Debug|x64.Build.0 = Debug|x64
		{A7E6BD5D-5CFD-41E0-B78B-E99AF84C1656}.Debug|x86.ActiveCfg = Debug|Win32
		{A7E6BD5D-5CFD-41E0-B78B-E99AF84C1656}.Debug|x86.Build.0 = Debug|Win32
		{A7E6BD5D-5CFD-41E0-B78B-E99AF84C1656}.Release|x64.ActiveCfg = Release|x64
		{A7E6BD5D-5CFD-41E0-B78B-E99AF84C1656}.Release|x64.Build.0 = Release|x64
		{A7E6BD5D-5CFD-41E0-B78B-E99AF84C1656}.Release|x86.ActiveCfg = Release|Win32
		{A7E6BD5D-5CFD-41E0-B78B-E99AF84C1656}.Release|x86.Build.0 = Release|Win32
		{C66F61CD-D7AF-4C46-9A09-7FB216E8281B}.Debug|x64.ActiveCfg = Debug|x64
		{C66F61CD-D7AF-4C46-9A09-7FB216E8281B}.Debug|x64.Build.0 = Debug|x64
		{C66F61CD-D7AF-4C46-9A09-7FB216E8281B}.Debug|x86.ActiveCfg = Debug|Win32
		{C66F61CD-D7AF-4C46-9A09-7FB216E8281B}.Debug|x86.Build.0 = Debug|Win32
		{C66F61CD-D7AF-4C46-9A09-7FB216E8281B}.Release|x64.ActiveCfg = Release|x64
		{C66F61CD-D7AF-4C46-9A09-7FB216E8281B}.Release|x64.Build.0 = Release|x64
		{C66F61CD-D7AF-4C46-9A09-7FB216E8281B}.Release|x86.ActiveCfg = Release|Win32
		{C66F61CD-D7AF-4C46-9A09-7FB216E8281B}.Release|x86.Build.0 = Release|Win32
		{F09D05C8-5407-4499-A00A-8FB64CE59D4B}.Debug|x64.ActiveCfg = Debug|x64
		{F09D05C8-5407-4499-A00A-8FB64CE59D4B}.Debug|x64.Build.0 = Debug|x64
		{F09D05C8-5407-4499-A00A-8FB64CE59D4B}.Debug|x86.ActiveCfg = Debug|Win32
		{F09D05C8-5407-4499-A00A-8FB64CE59D4B}.Debug|x86.Build.0 = Debug|Win32
		{F09D05C8-5407-4499-A00A-8FB64CE59D4B}.Release|x64.ActiveCfg = Release|x64
		{F09D05C8-5407-4499-A00A-8FB64CE59D4B}.Release|x64.Build.0 = Release|x64
		{F09D05C8-5407-4499-A00A-8FB64CE59D4B}.Release|x86.ActiveCfg = Release|Win32
		{F09D05C8-5407-4499-A00A-8FB64CE59D4B}.Release|x86.Build.0 = Release|Win32
		{EBB4465A-3327-4AF5-8813-42F63260CC38}.Debug|x64.ActiveCfg = Debug|x64
		{EBB4465A-3327-4AF5-8813-42F63260CC38}.Debug|x64.Build.0 = Debug|x64
		{EBB4465A-3327-4AF5-8813-42F63260CC38}.Debug|x86.ActiveCfg = Debug|Win32
		{EBB4465A-3327-4AF5-8813-42F63260CC38}.Debug|x86.Build.0 = Debug|Win32
		{EBB4465A-3327-4AF5-8813-42F63260CC38}.Release|x64.ActiveCfg = Release|x64
		{EBB4465A-3327-4AF5-8813-42F63260CC38}.Release|x64.Build.0 = Release|x64
		{EBB4465A-3327-4AF5-8813-42F63260CC38}.Release|x86.ActiveCfg = Release|Win32
		{EBB4465A-3327-4AF5-8813-42F63260CC38}.Release|x86.Build.0 = Release|Win32
		{736D8ED7-7A11-46B0-B27B-73D67789D996}.Debug|x64.ActiveCfg = Debug|x64
		{736D8ED7-7A11-46B0-B27B-73D67789D996}.Debug|x64.Build.0 = Debug|x64
		{736D8ED7-7A11-46B0-B27B-73D67789D996}.Debug|x86.ActiveCfg = Debug|Win32
		{736D8ED7-7A11-46B0-B27B-73D67789D996}.Debug|x86.Build.0 = Debug|Win32
		{736D8ED7-7A11-46B0-B27B-73D67789D996}.Release|x64.ActiveCfg = Release|x64
		{736D8ED7-7A11-46B0-B27B-73D67789D996}.Release|x64.Build.0 = Release|x64
		{736D8ED7-7A11-46B0-B27B-73D67789D996}.Release|x86.ActiveCfg = Release|Win32
		{736D8ED7-7A11-46B0-B27B-73D67789D996}.Release|x86.Build.0 = Release|Win32
		{76404767-50E4-4302-AAF8-16B5CC96222C}.Debug|x64.ActiveCfg = Debug|x64
		{76404767-50E4-4302-AAF8-16B5CC96222C}.Debug|x64.Build.0 = Debug|x64
		{76404767-50E4-4302-AAF8-16B5CC96222C}.Debug|x86.ActiveCfg = Debug|Win32
		{76404767-50E4-4302-AAF8-16B5CC96222C}.Debug|x86.Build.0 = Debug|Win32
		{76404767-50E4-4302-AAF8-16B5CC96222C}.Release|x64.ActiveCfg = Release|x64
		{76404767-50E4-4302-AAF8-16B5CC96222C}.Release|x64.Build.0 = Release|x64
		{76404767-50E4-4302-AAF8-16B5CC96222C}.Release|x86.ActiveCfg = Release|Win32
		{76404767-50E4-4302-AAF8-16B5CC96222C}.Release|x86.Build.0 = Release|Win32
		{8221EAA4-96EF-4956-879B-351E2CB9CE42}.Debug|x64.ActiveCfg = Debug|x64
		{8221EAA4-96EF-4956-879B-351E2CB9CE42}.Debug|x64.Build.0 = Debug|x64
		{8221EAA4-96EF-4956-879B-351E2CB9CE42}.Debug|x86.ActiveCfg = Debug|Win32
		{8221EAA4-96EF-4956-879B-351E2CB9CE42}.Debug|x86.Build.0 = Debug|Win32
		{8221EAA4-96EF-4956-879B-351E2CB9CE42}.Release|x64.ActiveCfg = Release|x64
		{8221EAA4-96EF-4956-879B-351E2CB9CE42}.Release|x64.Build.0 = Release|x64
		{8221EAA4-96EF-4956-879B-351E2CB9CE42}.Release|x86.ActiveCfg = Release|Win32
		{8221EAA4-96EF-4956-879B-351E2CB9CE42}.Release|x86.Build.0 = Release|Win32
	EndGlobalSection
	GlobalSection(SolutionProperties) = preSolution
		HideSolutionNode = FALSE
	EndGlobalSection
EndGlobal
